// !$*UTF8*$!
{
	archiveVersion = 1;
	classes = {
	};
	objectVersion = 56;
	objects = {

/* Begin PBXBuildFile section */
		D49B737A2AA18B69007004F8 /* AppDelegate.swift in Sources */ = {isa = PBXBuildFile; fileRef = D49B73792AA18B69007004F8 /* AppDelegate.swift */; };
		D49B737C2AA18B69007004F8 /* SceneDelegate.swift in Sources */ = {isa = PBXBuildFile; fileRef = D49B737B2AA18B69007004F8 /* SceneDelegate.swift */; };
		D49B737E2AA18B69007004F8 /* ViewController.swift in Sources */ = {isa = PBXBuildFile; fileRef = D49B737D2AA18B69007004F8 /* ViewController.swift */; };
		D49B73812AA18B69007004F8 /* Main.storyboard in Resources */ = {isa = PBXBuildFile; fileRef = D49B737F2AA18B69007004F8 /* Main.storyboard */; };
		D49B73832AA18B6A007004F8 /* Assets.xcassets in Resources */ = {isa = PBXBuildFile; fileRef = D49B73822AA18B6A007004F8 /* Assets.xcassets */; };
		D49B73862AA18B6A007004F8 /* LaunchScreen.storyboard in Resources */ = {isa = PBXBuildFile; fileRef = D49B73842AA18B6A007004F8 /* LaunchScreen.storyboard */; };
		D49B73912AA18B6A007004F8 /* MyStoryTests.swift in Sources */ = {isa = PBXBuildFile; fileRef = D49B73902AA18B6A007004F8 /* MyStoryTests.swift */; };
		D49B739B2AA18B6A007004F8 /* MyStoryUITests.swift in Sources */ = {isa = PBXBuildFile; fileRef = D49B739A2AA18B6A007004F8 /* MyStoryUITests.swift */; };
		D49B739D2AA18B6A007004F8 /* MyStoryUITestsLaunchTests.swift in Sources */ = {isa = PBXBuildFile; fileRef = D49B739C2AA18B6A007004F8 /* MyStoryUITestsLaunchTests.swift */; };
		D49B73AA2AA19C69007004F8 /* DetailViewController.swift in Sources */ = {isa = PBXBuildFile; fileRef = D49B73A92AA19C69007004F8 /* DetailViewController.swift */; };
		D49B73AC2AA1A57D007004F8 /* infostr.swift in Sources */ = {isa = PBXBuildFile; fileRef = D49B73AB2AA1A57D007004F8 /* infostr.swift */; };
/* End PBXBuildFile section */

/* Begin PBXContainerItemProxy section */
		D49B738D2AA18B6A007004F8 /* PBXContainerItemProxy */ = {
			isa = PBXContainerItemProxy;
			containerPortal = D49B736E2AA18B69007004F8 /* Project object */;
			proxyType = 1;
			remoteGlobalIDString = D49B73752AA18B69007004F8;
			remoteInfo = MyStory;
		};
		D49B73972AA18B6A007004F8 /* PBXContainerItemProxy */ = {
			isa = PBXContainerItemProxy;
			containerPortal = D49B736E2AA18B69007004F8 /* Project object */;
			proxyType = 1;
			remoteGlobalIDString = D49B73752AA18B69007004F8;
			remoteInfo = MyStory;
		};
/* End PBXContainerItemProxy section */

/* Begin PBXFileReference section */
		D49B73762AA18B69007004F8 /* MyStory.app */ = {isa = PBXFileReference; explicitFileType = wrapper.application; includeInIndex = 0; path = MyStory.app; sourceTree = BUILT_PRODUCTS_DIR; };
		D49B73792AA18B69007004F8 /* AppDelegate.swift */ = {isa = PBXFileReference; lastKnownFileType = sourcecode.swift; path = AppDelegate.swift; sourceTree = "<group>"; };
		D49B737B2AA18B69007004F8 /* SceneDelegate.swift */ = {isa = PBXFileReference; lastKnownFileType = sourcecode.swift; path = SceneDelegate.swift; sourceTree = "<group>"; };
		D49B737D2AA18B69007004F8 /* ViewController.swift */ = {isa = PBXFileReference; lastKnownFileType = sourcecode.swift; path = ViewController.swift; sourceTree = "<group>"; };
		D49B73802AA18B69007004F8 /* Base */ = {isa = PBXFileReference; lastKnownFileType = file.storyboard; name = Base; path = Base.lproj/Main.storyboard; sourceTree = "<group>"; };
		D49B73822AA18B6A007004F8 /* Assets.xcassets */ = {isa = PBXFileReference; lastKnownFileType = folder.assetcatalog; path = Assets.xcassets; sourceTree = "<group>"; };
		D49B73852AA18B6A007004F8 /* Base */ = {isa = PBXFileReference; lastKnownFileType = file.storyboard; name = Base; path = Base.lproj/LaunchScreen.storyboard; sourceTree = "<group>"; };
		D49B73872AA18B6A007004F8 /* Info.plist */ = {isa = PBXFileReference; lastKnownFileType = text.plist.xml; path = Info.plist; sourceTree = "<group>"; };
		D49B738C2AA18B6A007004F8 /* MyStoryTests.xctest */ = {isa = PBXFileReference; explicitFileType = wrapper.cfbundle; includeInIndex = 0; path = MyStoryTests.xctest; sourceTree = BUILT_PRODUCTS_DIR; };
		D49B73902AA18B6A007004F8 /* MyStoryTests.swift */ = {isa = PBXFileReference; lastKnownFileType = sourcecode.swift; path = MyStoryTests.swift; sourceTree = "<group>"; };
		D49B73962AA18B6A007004F8 /* MyStoryUITests.xctest */ = {isa = PBXFileReference; explicitFileType = wrapper.cfbundle; includeInIndex = 0; path = MyStoryUITests.xctest; sourceTree = BUILT_PRODUCTS_DIR; };
		D49B739A2AA18B6A007004F8 /* MyStoryUITests.swift */ = {isa = PBXFileReference; lastKnownFileType = sourcecode.swift; path = MyStoryUITests.swift; sourceTree = "<group>"; };
		D49B739C2AA18B6A007004F8 /* MyStoryUITestsLaunchTests.swift */ = {isa = PBXFileReference; lastKnownFileType = sourcecode.swift; path = MyStoryUITestsLaunchTests.swift; sourceTree = "<group>"; };
		D49B73A92AA19C69007004F8 /* DetailViewController.swift */ = {isa = PBXFileReference; lastKnownFileType = sourcecode.swift; path = DetailViewController.swift; sourceTree = "<group>"; };
		D49B73AB2AA1A57D007004F8 /* infostr.swift */ = {isa = PBXFileReference; lastKnownFileType = sourcecode.swift; path = infostr.swift; sourceTree = "<group>"; };
/* End PBXFileReference section */

/* Begin PBXFrameworksBuildPhase section */
		D49B73732AA18B69007004F8 /* Frameworks */ = {
			isa = PBXFrameworksBuildPhase;
			buildActionMask = 2147483647;
			files = (
			);
			runOnlyForDeploymentPostprocessing = 0;
		};
		D49B73892AA18B6A007004F8 /* Frameworks */ = {
			isa = PBXFrameworksBuildPhase;
			buildActionMask = 2147483647;
			files = (
			);
			runOnlyForDeploymentPostprocessing = 0;
		};
		D49B73932AA18B6A007004F8 /* Frameworks */ = {
			isa = PBXFrameworksBuildPhase;
			buildActionMask = 2147483647;
			files = (
			);
			runOnlyForDeploymentPostprocessing = 0;
		};
/* End PBXFrameworksBuildPhase section */

/* Begin PBXGroup section */
		D49B736D2AA18B69007004F8 = {
			isa = PBXGroup;
			children = (
				D49B73782AA18B69007004F8 /* MyStory */,
				D49B738F2AA18B6A007004F8 /* MyStoryTests */,
				D49B73992AA18B6A007004F8 /* MyStoryUITests */,
				D49B73772AA18B69007004F8 /* Products */,
			);
			sourceTree = "<group>";
		};
		D49B73772AA18B69007004F8 /* Products */ = {
			isa = PBXGroup;
			children = (
				D49B73762AA18B69007004F8 /* MyStory.app */,
				D49B738C2AA18B6A007004F8 /* MyStoryTests.xctest */,
				D49B73962AA18B6A007004F8 /* MyStoryUITests.xctest */,
			);
			name = Products;
			sourceTree = "<group>";
		};
		D49B73782AA18B69007004F8 /* MyStory */ = {
			isa = PBXGroup;
			children = (
				D49B73792AA18B69007004F8 /* AppDelegate.swift */,
				D49B737B2AA18B69007004F8 /* SceneDelegate.swift */,
				D49B737D2AA18B69007004F8 /* ViewController.swift */,
				D49B73AB2AA1A57D007004F8 /* infostr.swift */,
				D49B737F2AA18B69007004F8 /* Main.storyboard */,
				D49B73A92AA19C69007004F8 /* DetailViewController.swift */,
				D49B73822AA18B6A007004F8 /* Assets.xcassets */,
				D49B73842AA18B6A007004F8 /* LaunchScreen.storyboard */,
				D49B73872AA18B6A007004F8 /* Info.plist */,
			);
			path = MyStory;
			sourceTree = "<group>";
		};
		D49B738F2AA18B6A007004F8 /* MyStoryTests */ = {
			isa = PBXGroup;
			children = (
				D49B73902AA18B6A007004F8 /* MyStoryTests.swift */,
			);
			path = MyStoryTests;
			sourceTree = "<group>";
		};
		D49B73992AA18B6A007004F8 /* MyStoryUITests */ = {
			isa = PBXGroup;
			children = (
				D49B739A2AA18B6A007004F8 /* MyStoryUITests.swift */,
				D49B739C2AA18B6A007004F8 /* MyStoryUITestsLaunchTests.swift */,
			);
			path = MyStoryUITests;
			sourceTree = "<group>";
		};
/* End PBXGroup section */

/* Begin PBXNativeTarget section */
		D49B73752AA18B69007004F8 /* MyStory */ = {
			isa = PBXNativeTarget;
			buildConfigurationList = D49B73A02AA18B6A007004F8 /* Build configuration list for PBXNativeTarget "MyStory" */;
			buildPhases = (
				D49B73722AA18B69007004F8 /* Sources */,
				D49B73732AA18B69007004F8 /* Frameworks */,
				D49B73742AA18B69007004F8 /* Resources */,
			);
			buildRules = (
			);
			dependencies = (
			);
			name = MyStory;
			productName = MyStory;
			productReference = D49B73762AA18B69007004F8 /* MyStory.app */;
			productType = "com.apple.product-type.application";
		};
		D49B738B2AA18B6A007004F8 /* MyStoryTests */ = {
			isa = PBXNativeTarget;
			buildConfigurationList = D49B73A32AA18B6A007004F8 /* Build configuration list for PBXNativeTarget "MyStoryTests" */;
			buildPhases = (
				D49B73882AA18B6A007004F8 /* Sources */,
				D49B73892AA18B6A007004F8 /* Frameworks */,
				D49B738A2AA18B6A007004F8 /* Resources */,
			);
			buildRules = (
			);
			dependencies = (
				D49B738E2AA18B6A007004F8 /* PBXTargetDependency */,
			);
			name = MyStoryTests;
			productName = MyStoryTests;
			productReference = D49B738C2AA18B6A007004F8 /* MyStoryTests.xctest */;
			productType = "com.apple.product-type.bundle.unit-test";
		};
		D49B73952AA18B6A007004F8 /* MyStoryUITests */ = {
			isa = PBXNativeTarget;
			buildConfigurationList = D49B73A62AA18B6A007004F8 /* Build configuration list for PBXNativeTarget "MyStoryUITests" */;
			buildPhases = (
				D49B73922AA18B6A007004F8 /* Sources */,
				D49B73932AA18B6A007004F8 /* Frameworks */,
				D49B73942AA18B6A007004F8 /* Resources */,
			);
			buildRules = (
			);
			dependencies = (
				D49B73982AA18B6A007004F8 /* PBXTargetDependency */,
			);
			name = MyStoryUITests;
			productName = MyStoryUITests;
			productReference = D49B73962AA18B6A007004F8 /* MyStoryUITests.xctest */;
			productType = "com.apple.product-type.bundle.ui-testing";
		};
/* End PBXNativeTarget section */

/* Begin PBXProject section */
		D49B736E2AA18B69007004F8 /* Project object */ = {
			isa = PBXProject;
			attributes = {
				BuildIndependentTargetsInParallel = 1;
				LastSwiftUpdateCheck = 1430;
				LastUpgradeCheck = 1430;
				TargetAttributes = {
					D49B73752AA18B69007004F8 = {
						CreatedOnToolsVersion = 14.3.1;
					};
					D49B738B2AA18B6A007004F8 = {
						CreatedOnToolsVersion = 14.3.1;
						TestTargetID = D49B73752AA18B69007004F8;
					};
					D49B73952AA18B6A007004F8 = {
						CreatedOnToolsVersion = 14.3.1;
						TestTargetID = D49B73752AA18B69007004F8;
					};
				};
			};
			buildConfigurationList = D49B73712AA18B69007004F8 /* Build configuration list for PBXProject "MyStory" */;
			compatibilityVersion = "Xcode 14.0";
			developmentRegion = en;
			hasScannedForEncodings = 0;
			knownRegions = (
				en,
				Base,
			);
			mainGroup = D49B736D2AA18B69007004F8;
			productRefGroup = D49B73772AA18B69007004F8 /* Products */;
			projectDirPath = "";
			projectRoot = "";
			targets = (
				D49B73752AA18B69007004F8 /* MyStory */,
				D49B738B2AA18B6A007004F8 /* MyStoryTests */,
				D49B73952AA18B6A007004F8 /* MyStoryUITests */,
			);
		};
/* End PBXProject section */

/* Begin PBXResourcesBuildPhase section */
		D49B73742AA18B69007004F8 /* Resources */ = {
			isa = PBXResourcesBuildPhase;
			buildActionMask = 2147483647;
			files = (
				D49B73862AA18B6A007004F8 /* LaunchScreen.storyboard in Resources */,
				D49B73832AA18B6A007004F8 /* Assets.xcassets in Resources */,
				D49B73812AA18B69007004F8 /* Main.storyboard in Resources */,
			);
			runOnlyForDeploymentPostprocessing = 0;
		};
		D49B738A2AA18B6A007004F8 /* Resources */ = {
			isa = PBXResourcesBuildPhase;
			buildActionMask = 2147483647;
			files = (
			);
			runOnlyForDeploymentPostprocessing = 0;
		};
		D49B73942AA18B6A007004F8 /* Resources */ = {
			isa = PBXResourcesBuildPhase;
			buildActionMask = 2147483647;
			files = (
			);
			runOnlyForDeploymentPostprocessing = 0;
		};
/* End PBXResourcesBuildPhase section */

/* Begin PBXSourcesBuildPhase section */
		D49B73722AA18B69007004F8 /* Sources */ = {
			isa = PBXSourcesBuildPhase;
			buildActionMask = 2147483647;
			files = (
				D49B737E2AA18B69007004F8 /* ViewController.swift in Sources */,
				D49B737A2AA18B69007004F8 /* AppDelegate.swift in Sources */,
				D49B73AC2AA1A57D007004F8 /* infostr.swift in Sources */,
				D49B737C2AA18B69007004F8 /* SceneDelegate.swift in Sources */,
				D49B73AA2AA19C69007004F8 /* DetailViewController.swift in Sources */,
			);
			runOnlyForDeploymentPostprocessing = 0;
		};
		D49B73882AA18B6A007004F8 /* Sources */ = {
			isa = PBXSourcesBuildPhase;
			buildActionMask = 2147483647;
			files = (
				D49B73912AA18B6A007004F8 /* MyStoryTests.swift in Sources */,
			);
			runOnlyForDeploymentPostprocessing = 0;
		};
		D49B73922AA18B6A007004F8 /* Sources */ = {
			isa = PBXSourcesBuildPhase;
			buildActionMask = 2147483647;
			files = (
				D49B739D2AA18B6A007004F8 /* MyStoryUITestsLaunchTests.swift in Sources */,
				D49B739B2AA18B6A007004F8 /* MyStoryUITests.swift in Sources */,
			);
			runOnlyForDeploymentPostprocessing = 0;
		};
/* End PBXSourcesBuildPhase section */

/* Begin PBXTargetDependency section */
		D49B738E2AA18B6A007004F8 /* PBXTargetDependency */ = {
			isa = PBXTargetDependency;
			target = D49B73752AA18B69007004F8 /* MyStory */;
			targetProxy = D49B738D2AA18B6A007004F8 /* PBXContainerItemProxy */;
		};
		D49B73982AA18B6A007004F8 /* PBXTargetDependency */ = {
			isa = PBXTargetDependency;
			target = D49B73752AA18B69007004F8 /* MyStory */;
			targetProxy = D49B73972AA18B6A007004F8 /* PBXContainerItemProxy */;
		};
/* End PBXTargetDependency section */

/* Begin PBXVariantGroup section */
		D49B737F2AA18B69007004F8 /* Main.storyboard */ = {
			isa = PBXVariantGroup;
			children = (
				D49B73802AA18B69007004F8 /* Base */,
			);
			name = Main.storyboard;
			sourceTree = "<group>";
		};
		D49B73842AA18B6A007004F8 /* LaunchScreen.storyboard */ = {
			isa = PBXVariantGroup;
			children = (
				D49B73852AA18B6A007004F8 /* Base */,
			);
			name = LaunchScreen.storyboard;
			sourceTree = "<group>";
		};
/* End PBXVariantGroup section */

/* Begin XCBuildConfiguration section */
		D49B739E2AA18B6A007004F8 /* Debug */ = {
			isa = XCBuildConfiguration;
			buildSettings = {
				ALWAYS_SEARCH_USER_PATHS = NO;
				CLANG_ANALYZER_NONNULL = YES;
				CLANG_ANALYZER_NUMBER_OBJECT_CONVERSION = YES_AGGRESSIVE;
				CLANG_CXX_LANGUAGE_STANDARD = "gnu++20";
				CLANG_ENABLE_MODULES = YES;
				CLANG_ENABLE_OBJC_ARC = YES;
				CLANG_ENABLE_OBJC_WEAK = YES;
				CLANG_WARN_BLOCK_CAPTURE_AUTORELEASING = YES;
				CLANG_WARN_BOOL_CONVERSION = YES;
				CLANG_WARN_COMMA = YES;
				CLANG_WARN_CONSTANT_CONVERSION = YES;
				CLANG_WARN_DEPRECATED_OBJC_IMPLEMENTATIONS = YES;
				CLANG_WARN_DIRECT_OBJC_ISA_USAGE = YES_ERROR;
				CLANG_WARN_DOCUMENTATION_COMMENTS = YES;
				CLANG_WARN_EMPTY_BODY = YES;
				CLANG_WARN_ENUM_CONVERSION = YES;
				CLANG_WARN_INFINITE_RECURSION = YES;
				CLANG_WARN_INT_CONVERSION = YES;
				CLANG_WARN_NON_LITERAL_NULL_CONVERSION = YES;
				CLANG_WARN_OBJC_IMPLICIT_RETAIN_SELF = YES;
				CLANG_WARN_OBJC_LITERAL_CONVERSION = YES;
				CLANG_WARN_OBJC_ROOT_CLASS = YES_ERROR;
				CLANG_WARN_QUOTED_INCLUDE_IN_FRAMEWORK_HEADER = YES;
				CLANG_WARN_RANGE_LOOP_ANALYSIS = YES;
				CLANG_WARN_STRICT_PROTOTYPES = YES;
				CLANG_WARN_SUSPICIOUS_MOVE = YES;
				CLANG_WARN_UNGUARDED_AVAILABILITY = YES_AGGRESSIVE;
				CLANG_WARN_UNREACHABLE_CODE = YES;
				CLANG_WARN__DUPLICATE_METHOD_MATCH = YES;
				COPY_PHASE_STRIP = NO;
				DEBUG_INFORMATION_FORMAT = dwarf;
				ENABLE_STRICT_OBJC_MSGSEND = YES;
				ENABLE_TESTABILITY = YES;
				GCC_C_LANGUAGE_STANDARD = gnu11;
				GCC_DYNAMIC_NO_PIC = NO;
				GCC_NO_COMMON_BLOCKS = YES;
				GCC_OPTIMIZATION_LEVEL = 0;
				GCC_PREPROCESSOR_DEFINITIONS = (
					"DEBUG=1",
					"$(inherited)",
				);
				GCC_WARN_64_TO_32_BIT_CONVERSION = YES;
				GCC_WARN_ABOUT_RETURN_TYPE = YES_ERROR;
				GCC_WARN_UNDECLARED_SELECTOR = YES;
				GCC_WARN_UNINITIALIZED_AUTOS = YES_AGGRESSIVE;
				GCC_WARN_UNUSED_FUNCTION = YES;
				GCC_WARN_UNUSED_VARIABLE = YES;
				IPHONEOS_DEPLOYMENT_TARGET = 16.4;
				MTL_ENABLE_DEBUG_INFO = INCLUDE_SOURCE;
				MTL_FAST_MATH = YES;
				ONLY_ACTIVE_ARCH = YES;
				SDKROOT = iphoneos;
				SWIFT_ACTIVE_COMPILATION_CONDITIONS = DEBUG;
				SWIFT_OPTIMIZATION_LEVEL = "-Onone";
			};
			name = Debug;
		};
		D49B739F2AA18B6A007004F8 /* Release */ = {
			isa = XCBuildConfiguration;
			buildSettings = {
				ALWAYS_SEARCH_USER_PATHS = NO;
				CLANG_ANALYZER_NONNULL = YES;
				CLANG_ANALYZER_NUMBER_OBJECT_CONVERSION = YES_AGGRESSIVE;
				CLANG_CXX_LANGUAGE_STANDARD = "gnu++20";
				CLANG_ENABLE_MODULES = YES;
				CLANG_ENABLE_OBJC_ARC = YES;
				CLANG_ENABLE_OBJC_WEAK = YES;
				CLANG_WARN_BLOCK_CAPTURE_AUTORELEASING = YES;
				CLANG_WARN_BOOL_CONVERSION = YES;
				CLANG_WARN_COMMA = YES;
				CLANG_WARN_CONSTANT_CONVERSION = YES;
				CLANG_WARN_DEPRECATED_OBJC_IMPLEMENTATIONS = YES;
				CLANG_WARN_DIRECT_OBJC_ISA_USAGE = YES_ERROR;
				CLANG_WARN_DOCUMENTATION_COMMENTS = YES;
				CLANG_WARN_EMPTY_BODY = YES;
				CLANG_WARN_ENUM_CONVERSION = YES;
				CLANG_WARN_INFINITE_RECURSION = YES;
				CLANG_WARN_INT_CONVERSION = YES;
				CLANG_WARN_NON_LITERAL_NULL_CONVERSION = YES;
				CLANG_WARN_OBJC_IMPLICIT_RETAIN_SELF = YES;
				CLANG_WARN_OBJC_LITERAL_CONVERSION = YES;
				CLANG_WARN_OBJC_ROOT_CLASS = YES_ERROR;
				CLANG_WARN_QUOTED_INCLUDE_IN_FRAMEWORK_HEADER = YES;
				CLANG_WARN_RANGE_LOOP_ANALYSIS = YES;
				CLANG_WARN_STRICT_PROTOTYPES = YES;
				CLANG_WARN_SUSPICIOUS_MOVE = YES;
				CLANG_WARN_UNGUARDED_AVAILABILITY = YES_AGGRESSIVE;
				CLANG_WARN_UNREACHABLE_CODE = YES;
				CLANG_WARN__DUPLICATE_METHOD_MATCH = YES;
				COPY_PHASE_STRIP = NO;
				DEBUG_INFORMATION_FORMAT = "dwarf-with-dsym";
				ENABLE_NS_ASSERTIONS = NO;
				ENABLE_STRICT_OBJC_MSGSEND = YES;
				GCC_C_LANGUAGE_STANDARD = gnu11;
				GCC_NO_COMMON_BLOCKS = YES;
				GCC_WARN_64_TO_32_BIT_CONVERSION = YES;
				GCC_WARN_ABOUT_RETURN_TYPE = YES_ERROR;
				GCC_WARN_UNDECLARED_SELECTOR = YES;
				GCC_WARN_UNINITIALIZED_AUTOS = YES_AGGRESSIVE;
				GCC_WARN_UNUSED_FUNCTION = YES;
				GCC_WARN_UNUSED_VARIABLE = YES;
				IPHONEOS_DEPLOYMENT_TARGET = 16.4;
				MTL_ENABLE_DEBUG_INFO = NO;
				MTL_FAST_MATH = YES;
				SDKROOT = iphoneos;
				SWIFT_COMPILATION_MODE = wholemodule;
				SWIFT_OPTIMIZATION_LEVEL = "-O";
				VALIDATE_PRODUCT = YES;
			};
			name = Release;
		};
		D49B73A12AA18B6A007004F8 /* Debug */ = {
			isa = XCBuildConfiguration;
			buildSettings = {
				ASSETCATALOG_COMPILER_APPICON_NAME = AppIcon;
				ASSETCATALOG_COMPILER_GLOBAL_ACCENT_COLOR_NAME = AccentColor;
				CODE_SIGN_STYLE = Automatic;
				CURRENT_PROJECT_VERSION = 1;
				DEVELOPMENT_TEAM = H45NTD424P;
				GENERATE_INFOPLIST_FILE = YES;
				INFOPLIST_FILE = MyStory/Info.plist;
				INFOPLIST_KEY_UIApplicationSupportsIndirectInputEvents = YES;
				INFOPLIST_KEY_UILaunchStoryboardName = LaunchScreen;
				INFOPLIST_KEY_UIMainStoryboardFile = Main;
				INFOPLIST_KEY_UISupportedInterfaceOrientations_iPad = "UIInterfaceOrientationPortrait UIInterfaceOrientationPortraitUpsideDown UIInterfaceOrientationLandscapeLeft UIInterfaceOrientationLandscapeRight";
				INFOPLIST_KEY_UISupportedInterfaceOrientations_iPhone = "UIInterfaceOrientationPortrait UIInterfaceOrientationLandscapeLeft UIInterfaceOrientationLandscapeRight";
				LD_RUNPATH_SEARCH_PATHS = (
					"$(inherited)",
					"@executable_path/Frameworks",
				);
				MARKETING_VERSION = 1.0;
				PRODUCT_BUNDLE_IDENTIFIER = CadellJulien.MyStory;
				PRODUCT_NAME = "$(TARGET_NAME)";
				SWIFT_EMIT_LOC_STRINGS = YES;
				SWIFT_VERSION = 5.0;
				TARGETED_DEVICE_FAMILY = "1,2";
			};
			name = Debug;
		};
		D49B73A22AA18B6A007004F8 /* Release */ = {
			isa = XCBuildConfiguration;
			buildSettings = {
				ASSETCATALOG_COMPILER_APPICON_NAME = AppIcon;
				ASSETCATALOG_COMPILER_GLOBAL_ACCENT_COLOR_NAME = AccentColor;
				CODE_SIGN_STYLE = Automatic;
				CURRENT_PROJECT_VERSION = 1;
				DEVELOPMENT_TEAM = H45NTD424P;
				GENERATE_INFOPLIST_FILE = YES;
				INFOPLIST_FILE = MyStory/Info.plist;
				INFOPLIST_KEY_UIApplicationSupportsIndirectInputEvents = YES;
				INFOPLIST_KEY_UILaunchStoryboardName = LaunchScreen;
				INFOPLIST_KEY_UIMainStoryboardFile = Main;
				INFOPLIST_KEY_UISupportedInterfaceOrientations_iPad = "UIInterfaceOrientationPortrait UIInterfaceOrientationPortraitUpsideDown UIInterfaceOrientationLandscapeLeft UIInterfaceOrientationLandscapeRight";
				INFOPLIST_KEY_UISupportedInterfaceOrientations_iPhone = "UIInterfaceOrientationPortrait UIInterfaceOrientationLandscapeLeft UIInterfaceOrientationLandscapeRight";
				LD_RUNPATH_SEARCH_PATHS = (
					"$(inherited)",
					"@executable_path/Frameworks",
				);
				MARKETING_VERSION = 1.0;
				PRODUCT_BUNDLE_IDENTIFIER = CadellJulien.MyStory;
				PRODUCT_NAME = "$(TARGET_NAME)";
				SWIFT_EMIT_LOC_STRINGS = YES;
				SWIFT_VERSION = 5.0;
				TARGETED_DEVICE_FAMILY = "1,2";
			};
			name = Release;
		};
		D49B73A42AA18B6A007004F8 /* Debug */ = {
			isa = XCBuildConfiguration;
			buildSettings = {
				ALWAYS_EMBED_SWIFT_STANDARD_LIBRARIES = YES;
				BUNDLE_LOADER = "$(TEST_HOST)";
				CODE_SIGN_STYLE = Automatic;
				CURRENT_PROJECT_VERSION = 1;
				DEVELOPMENT_TEAM = H45NTD424P;
				GENERATE_INFOPLIST_FILE = YES;
				IPHONEOS_DEPLOYMENT_TARGET = 16.4;
				MARKETING_VERSION = 1.0;
				PRODUCT_BUNDLE_IDENTIFIER = CadellJulien.MyStoryTests;
				PRODUCT_NAME = "$(TARGET_NAME)";
				SWIFT_EMIT_LOC_STRINGS = NO;
				SWIFT_VERSION = 5.0;
				TARGETED_DEVICE_FAMILY = "1,2";
				TEST_HOST = "$(BUILT_PRODUCTS_DIR)/MyStory.app/$(BUNDLE_EXECUTABLE_FOLDER_PATH)/MyStory";
			};
			name = Debug;
		};
		D49B73A52AA18B6A007004F8 /* Release */ = {
			isa = XCBuildConfiguration;
			buildSettings = {
				ALWAYS_EMBED_SWIFT_STANDARD_LIBRARIES = YES;
				BUNDLE_LOADER = "$(TEST_HOST)";
				CODE_SIGN_STYLE = Automatic;
				CURRENT_PROJECT_VERSION = 1;
				DEVELOPMENT_TEAM = H45NTD424P;
				GENERATE_INFOPLIST_FILE = YES;
				IPHONEOS_DEPLOYMENT_TARGET = 16.4;
				MARKETING_VERSION = 1.0;
				PRODUCT_BUNDLE_IDENTIFIER = CadellJulien.MyStoryTests;
				PRODUCT_NAME = "$(TARGET_NAME)";
				SWIFT_EMIT_LOC_STRINGS = NO;
				SWIFT_VERSION = 5.0;
				TARGETED_DEVICE_FAMILY = "1,2";
				TEST_HOST = "$(BUILT_PRODUCTS_DIR)/MyStory.app/$(BUNDLE_EXECUTABLE_FOLDER_PATH)/MyStory";
			};
			name = Release;
		};
		D49B73A72AA18B6A007004F8 /* Debug */ = {
			isa = XCBuildConfiguration;
			buildSettings = {
				ALWAYS_EMBED_SWIFT_STANDARD_LIBRARIES = YES;
				CODE_SIGN_STYLE = Automatic;
				CURRENT_PROJECT_VERSION = 1;
				DEVELOPMENT_TEAM = H45NTD424P;
				GENERATE_INFOPLIST_FILE = YES;
				MARKETING_VERSION = 1.0;
				PRODUCT_BUNDLE_IDENTIFIER = CadellJulien.MyStoryUITests;
				PRODUCT_NAME = "$(TARGET_NAME)";
				SWIFT_EMIT_LOC_STRINGS = NO;
				SWIFT_VERSION = 5.0;
				TARGETED_DEVICE_FAMILY = "1,2";
				TEST_TARGET_NAME = MyStory;
			};
			name = Debug;
		};
		D49B73A82AA18B6A007004F8 /* Release */ = {
			isa = XCBuildConfiguration;
			buildSettings = {
				ALWAYS_EMBED_SWIFT_STANDARD_LIBRARIES = YES;
				CODE_SIGN_STYLE = Automatic;
				CURRENT_PROJECT_VERSION = 1;
				DEVELOPMENT_TEAM = H45NTD424P;
				GENERATE_INFOPLIST_FILE = YES;
				MARKETING_VERSION = 1.0;
				PRODUCT_BUNDLE_IDENTIFIER = CadellJulien.MyStoryUITests;
				PRODUCT_NAME = "$(TARGET_NAME)";
				SWIFT_EMIT_LOC_STRINGS = NO;
				SWIFT_VERSION = 5.0;
				TARGETED_DEVICE_FAMILY = "1,2";
				TEST_TARGET_NAME = MyStory;
			};
			name = Release;
		};
/* End XCBuildConfiguration section */

/* Begin XCConfigurationList section */
		D49B73712AA18B69007004F8 /* Build configuration list for PBXProject "MyStory" */ = {
			isa = XCConfigurationList;
			buildConfigurations = (
				D49B739E2AA18B6A007004F8 /* Debug */,
				D49B739F2AA18B6A007004F8 /* Release */,
			);
			defaultConfigurationIsVisible = 0;
			defaultConfigurationName = Release;
		};
		D49B73A02AA18B6A007004F8 /* Build configuration list for PBXNativeTarget "MyStory" */ = {
			isa = XCConfigurationList;
			buildConfigurations = (
				D49B73A12AA18B6A007004F8 /* Debug */,
				D49B73A22AA18B6A007004F8 /* Release */,
			);
			defaultConfigurationIsVisible = 0;
			defaultConfigurationName = Release;
		};
		D49B73A32AA18B6A007004F8 /* Build configuration list for PBXNativeTarget "MyStoryTests" */ = {
			isa = XCConfigurationList;
			buildConfigurations = (
				D49B73A42AA18B6A007004F8 /* Debug */,
				D49B73A52AA18B6A007004F8 /* Release */,
			);
			defaultConfigurationIsVisible = 0;
			defaultConfigurationName = Release;
		};
		D49B73A62AA18B6A007004F8 /* Build configuration list for PBXNativeTarget "MyStoryUITests" */ = {
			isa = XCConfigurationList;
			buildConfigurations = (
				D49B73A72AA18B6A007004F8 /* Debug */,
				D49B73A82AA18B6A007004F8 /* Release */,
			);
			defaultConfigurationIsVisible = 0;
			defaultConfigurationName = Release;
		};
/* End XCConfigurationList section */
	};
	rootObject = D49B736E2AA18B69007004F8 /* Project object */;
}
